{
  "nodes": {
    "agenix": {
      "inputs": {
        "darwin": "darwin",
        "home-manager": "home-manager",
        "nixpkgs": [
          "unstable"
        ],
        "systems": "systems"
      },
      "locked": {
        "lastModified": 1762618334,
        "narHash": "sha256-wyT7Pl6tMFbFrs8Lk/TlEs81N6L+VSybPfiIgzU8lbQ=",
        "owner": "ryantm",
        "repo": "agenix",
        "rev": "fcdea223397448d35d9b31f798479227e80183f6",
        "type": "github"
      },
      "original": {
        "owner": "ryantm",
        "repo": "agenix",
        "type": "github"
      }
    },
    "ags": {
      "inputs": {
        "astal": "astal",
        "nixpkgs": [
          "unstable"
        ]
      },
      "locked": {
        "lastModified": 1763857935,
        "narHash": "sha256-oZCv7FbfjUb07MxZbCAmtPFN+z1rTNL6lNrHPykn5WQ=",
        "owner": "aylur",
        "repo": "ags",
        "rev": "7d6493656c160bedde29716e3eb391180ad538b1",
        "type": "github"
      },
      "original": {
        "owner": "aylur",
        "repo": "ags",
        "type": "github"
      }
    },
    "astal": {
      "inputs": {
        "nixpkgs": [
          "ags",
          "nixpkgs"
        ]
      },
      "locked": {
        "lastModified": 1762012522,
        "narHash": "sha256-ncEN4OVFM5M9VFc4oR3gOI5K8r99GcYxtU+Cf4Z8pbs=",
        "owner": "aylur",
        "repo": "astal",
        "rev": "671d4229c798834190a50fb8b8d8addd19b529e9",
        "type": "github"
      },
      "original": {
        "owner": "aylur",
        "repo": "astal",
        "type": "github"
      }
    },
    "brew-src": {
      "flake": false,
      "locked": {
        "lastModified": 1761551821,
        "narHash": "sha256-N3Zj73TAxclhLGgADbPVwcVrhYIBKUgAxjfQuOXre6s=",
        "owner": "Homebrew",
        "repo": "brew",
        "rev": "8f6719274133c5bcc24c058c5a6bcbb3b0cd48b3",
        "type": "github"
      },
      "original": {
        "owner": "Homebrew",
        "ref": "4.6.19",
        "repo": "brew",
        "type": "github"
      }
    },
    "catppuccin": {
      "inputs": {
        "nixpkgs": "nixpkgs"
      },
      "locked": {
        "lastModified": 1763111355,
        "narHash": "sha256-iUTS8wV7tCo7A456Ro6ZOJ6Bbk0V5Is3zPd+BmJHJ/Q=",
        "owner": "catppuccin",
        "repo": "nix",
        "rev": "5375a9d80c4b2a835c7203920f997f3ea4224423",
        "type": "github"
      },
      "original": {
        "owner": "catppuccin",
        "ref": "release-25.05",
        "repo": "nix",
        "type": "github"
      }
    },
    "crane": {
      "locked": {
        "lastModified": 1762538466,
        "narHash": "sha256-8zrIPl6J+wLm9MH5ksHcW7BUHo7jSNOu0/hA0ohOOaM=",
        "owner": "ipetkov",
        "repo": "crane",
        "rev": "0cea393fffb39575c46b7a0318386467272182fe",
        "type": "github"
      },
      "original": {
        "owner": "ipetkov",
        "repo": "crane",
        "type": "github"
      }
    },
    "darwin": {
      "inputs": {
        "nixpkgs": [
          "agenix",
          "nixpkgs"
        ]
      },
      "locked": {
        "lastModified": 1744478979,
        "narHash": "sha256-dyN+teG9G82G+m+PX/aSAagkC+vUv0SgUw3XkPhQodQ=",
        "owner": "lnl7",
        "repo": "nix-darwin",
        "rev": "43975d782b418ebf4969e9ccba82466728c2851b",
        "type": "github"
      },
      "original": {
        "owner": "lnl7",
        "ref": "master",
        "repo": "nix-darwin",
        "type": "github"
      }
    },
    "disko": {
      "inputs": {
        "nixpkgs": [
          "unstable"
        ]
      },
      "locked": {
        "lastModified": 1763651264,
        "narHash": "sha256-8vvwZbw0s7YvBMJeyPVpWke6lg6ROgtts5N2/SMCcv4=",
        "owner": "nix-community",
        "repo": "disko",
        "rev": "e86a89079587497174ccab6d0d142a65811a4fd9",
        "type": "github"
      },
      "original": {
        "owner": "nix-community",
        "repo": "disko",
        "type": "github"
      }
    },
    "flake-compat": {
      "flake": false,
      "locked": {
        "lastModified": 1747046372,
        "narHash": "sha256-CIVLLkVgvHYbgI2UpXvIIBJ12HWgX+fjA8Xf8PUmqCY=",
        "owner": "edolstra",
        "repo": "flake-compat",
        "rev": "9100a0f413b0c601e0533d1d94ffd501ce2e7885",
        "type": "github"
      },
      "original": {
        "owner": "edolstra",
        "repo": "flake-compat",
        "type": "github"
      }
    },
    "flake-compat_2": {
      "locked": {
        "lastModified": 1733328505,
        "narHash": "sha256-NeCCThCEP3eCl2l/+27kNNK7QrwZB1IJCrXfrbv5oqU=",
        "rev": "ff81ac966bb2cae68946d5ed5fc4994f96d0ffec",
        "revCount": 69,
        "type": "tarball",
        "url": "https://api.flakehub.com/f/pinned/edolstra/flake-compat/1.1.0/01948eb7-9cba-704f-bbf3-3fa956735b52/source.tar.gz?rev=ff81ac966bb2cae68946d5ed5fc4994f96d0ffec&revCount=69"
      },
      "original": {
        "type": "tarball",
        "url": "https://flakehub.com/f/edolstra/flake-compat/1.tar.gz"
      }
    },
    "flake-compat_3": {
      "flake": false,
      "locked": {
        "lastModified": 1751685974,
        "narHash": "sha256-NKw96t+BgHIYzHUjkTK95FqYRVKB8DHpVhefWSz/kTw=",
        "ref": "refs/heads/main",
        "rev": "549f2762aebeff29a2e5ece7a7dc0f955281a1d1",
        "revCount": 92,
        "type": "git",
        "url": "https://git.lix.systems/lix-project/flake-compat.git"
      },
      "original": {
        "type": "git",
        "url": "https://git.lix.systems/lix-project/flake-compat.git"
      }
    },
    "flake-parts": {
      "inputs": {
        "nixpkgs-lib": "nixpkgs-lib"
      },
      "locked": {
        "lastModified": 1754091436,
        "narHash": "sha256-XKqDMN1/Qj1DKivQvscI4vmHfDfvYR2pfuFOJiCeewM=",
        "owner": "hercules-ci",
        "repo": "flake-parts",
        "rev": "67df8c627c2c39c41dbec76a1f201929929ab0bd",
        "type": "github"
      },
      "original": {
        "owner": "hercules-ci",
        "repo": "flake-parts",
        "type": "github"
      }
    },
    "flake-parts_2": {
      "inputs": {
        "nixpkgs-lib": [
          "nvf",
          "nixpkgs"
        ]
      },
      "locked": {
        "lastModified": 1760948891,
        "narHash": "sha256-TmWcdiUUaWk8J4lpjzu4gCGxWY6/Ok7mOK4fIFfBuU4=",
        "owner": "hercules-ci",
        "repo": "flake-parts",
        "rev": "864599284fc7c0ba6357ed89ed5e2cd5040f0c04",
        "type": "github"
      },
      "original": {
        "owner": "hercules-ci",
        "repo": "flake-parts",
        "type": "github"
      }
    },
    "gitignore": {
      "inputs": {
        "nixpkgs": [
          "lanzaboote",
          "pre-commit",
          "nixpkgs"
        ]
      },
      "locked": {
        "lastModified": 1709087332,
        "narHash": "sha256-HG2cCnktfHsKV0s4XW83gU3F57gaTljL9KNSuG6bnQs=",
        "owner": "hercules-ci",
        "repo": "gitignore.nix",
        "rev": "637db329424fd7e46cf4185293b9cc8c88c95394",
        "type": "github"
      },
      "original": {
        "owner": "hercules-ci",
        "repo": "gitignore.nix",
        "type": "github"
      }
    },
    "home-manager": {
      "inputs": {
        "nixpkgs": [
          "agenix",
          "nixpkgs"
        ]
      },
      "locked": {
        "lastModified": 1745494811,
        "narHash": "sha256-YZCh2o9Ua1n9uCvrvi5pRxtuVNml8X2a03qIFfRKpFs=",
        "owner": "nix-community",
        "repo": "home-manager",
        "rev": "abfad3d2958c9e6300a883bd443512c55dfeb1be",
        "type": "github"
      },
      "original": {
        "owner": "nix-community",
        "repo": "home-manager",
        "type": "github"
      }
    },
    "home-manager_2": {
      "inputs": {
        "nixpkgs": [
          "unstable"
        ]
      },
      "locked": {
        "lastModified": 1763906693,
        "narHash": "sha256-inm7paa3myo8gE4TzjM8OPvsEg8xocWreIZBgBPEKgo=",
        "owner": "nix-community",
        "repo": "home-manager",
        "rev": "3d6c1c8fa0bea3a1a7ba23d6fa5993116766073b",
        "type": "github"
      },
      "original": {
        "owner": "nix-community",
        "repo": "home-manager",
        "type": "github"
      }
    },
    "home-manager_3": {
      "inputs": {
        "nixpkgs": [
          "zen-browser",
          "nixpkgs"
        ]
      },
      "locked": {
        "lastModified": 1762964643,
        "narHash": "sha256-RYHN8O/Aja59XDji6WSJZPkJpYVUfpSkyH+PEupBJqM=",
        "owner": "nix-community",
        "repo": "home-manager",
        "rev": "827f2a23373a774a8805f84ca5344654c31f354b",
        "type": "github"
      },
      "original": {
        "owner": "nix-community",
        "repo": "home-manager",
        "type": "github"
      }
    },
    "homebrew-cask": {
      "flake": false,
      "locked": {
        "lastModified": 1763936166,
        "narHash": "sha256-IAPFwej08oQUwtL6ni3m+u9s8Gvt7OsoHCV1rp6AMTo=",
        "owner": "homebrew",
        "repo": "homebrew-cask",
        "rev": "4642ee7077e0ed1e784063a7e894e7714346c329",
        "type": "github"
      },
      "original": {
        "owner": "homebrew",
        "repo": "homebrew-cask",
        "type": "github"
      }
    },
    "homebrew-core": {
      "flake": false,
      "locked": {
        "lastModified": 1763933558,
        "narHash": "sha256-PlkJIgQA82FQQuXakA6bV/sFeJ9en5Nvn9zTH9GT3O0=",
        "owner": "homebrew",
        "repo": "homebrew-core",
        "rev": "b1e3e4aa0785585dc083d939b4e253f08ff1d543",
        "type": "github"
      },
      "original": {
        "owner": "homebrew",
        "repo": "homebrew-core",
        "type": "github"
      }
    },
    "lanzaboote": {
      "inputs": {
        "crane": "crane",
        "nixpkgs": [
          "unstable"
        ],
        "pre-commit": "pre-commit",
        "rust-overlay": "rust-overlay"
      },
      "locked": {
        "lastModified": 1763915949,
        "narHash": "sha256-YNpC4LU9yzClkGua09AUDAJkuVHLpeupBTDHvUafHhw=",
        "owner": "nix-community",
        "repo": "lanzaboote",
        "rev": "0dc06f7c67f5787a4dedfb49399d3106cf73c095",
        "type": "github"
      },
      "original": {
        "owner": "nix-community",
        "repo": "lanzaboote",
        "type": "github"
      }
    },
    "mnw": {
      "locked": {
        "lastModified": 1758834834,
        "narHash": "sha256-Y7IvY4F8vajZyp3WGf+KaiIVwondEkMFkt92Cr9NZmg=",
        "owner": "Gerg-L",
        "repo": "mnw",
        "rev": "cfbc7d1cc832e318d0863a5fc91d940a96034001",
        "type": "github"
      },
      "original": {
        "owner": "Gerg-L",
        "repo": "mnw",
        "type": "github"
      }
    },
    "nix-darwin": {
      "inputs": {
        "nixpkgs": [
          "nixpkgs-darwin"
        ]
      },
      "locked": {
        "lastModified": 1762912391,
        "narHash": "sha256-4hpBE7bGd24SfD28rzMdUGXsLsNEYxCCrTipFdoqoNM=",
        "owner": "nix-darwin",
        "repo": "nix-darwin",
        "rev": "d76299b2cd01837c4c271a7b5186e3d5d8ebd126",
        "type": "github"
      },
      "original": {
        "owner": "nix-darwin",
        "ref": "nix-darwin-25.05",
        "repo": "nix-darwin",
        "type": "github"
      }
    },
    "nix-homebrew": {
      "inputs": {
        "brew-src": "brew-src"
      },
      "locked": {
        "lastModified": 1761927470,
        "narHash": "sha256-KsFDGRGD8j1R6TvJ4HkebKsh3HXLY0XazanLrhO3wqE=",
        "owner": "zhaofengli",
        "repo": "nix-homebrew",
        "rev": "3cae36b3a17b09a66435291619dce8cf2c4728ca",
        "type": "github"
      },
      "original": {
        "owner": "zhaofengli",
        "repo": "nix-homebrew",
        "type": "github"
      }
    },
    "nixcord": {
      "inputs": {
        "flake-compat": "flake-compat_2",
        "flake-parts": "flake-parts",
        "nixpkgs": "nixpkgs_2"
      },
      "locked": {
        "lastModified": 1763885069,
        "narHash": "sha256-i1z6b2DuykVx5RzoAVM3sbNWl8AWsXrmwpG1Q7WjZ8c=",
        "owner": "kaylorben",
        "repo": "nixcord",
        "rev": "4ea79d100079458030c868a00f0bec4a5e777a41",
        "type": "github"
      },
      "original": {
        "owner": "kaylorben",
        "repo": "nixcord",
        "type": "github"
      }
    },
    "nixos-hardware": {
      "locked": {
        "lastModified": 1762847253,
        "narHash": "sha256-BWWnUUT01lPwCWUvS0p6Px5UOBFeXJ8jR+ZdLX8IbrU=",
        "owner": "nixos",
        "repo": "nixos-hardware",
        "rev": "899dc449bc6428b9ee6b3b8f771ca2b0ef945ab9",
        "type": "github"
      },
      "original": {
        "owner": "nixos",
        "ref": "master",
        "repo": "nixos-hardware",
        "type": "github"
      }
    },
    "nixpkgs": {
      "locked": {
        "lastModified": 1753749649,
        "narHash": "sha256-+jkEZxs7bfOKfBIk430K+tK9IvXlwzqQQnppC2ZKFj4=",
        "owner": "NixOS",
        "repo": "nixpkgs",
        "rev": "1f08a4df998e21f4e8be8fb6fbf61d11a1a5076a",
        "type": "github"
      },
      "original": {
        "owner": "NixOS",
        "ref": "nixos-25.05",
        "repo": "nixpkgs",
        "type": "github"
      }
    },
    "nixpkgs-darwin": {
      "locked": {
        "lastModified": 1763771804,
        "narHash": "sha256-G2ZslaqBWgqZX3kExPs6va0QZY1Q7DGa/JNZzDfjiRc=",
        "owner": "NixOS",
        "repo": "nixpkgs",
        "rev": "5324b04045884fc756817f0760e90a24165d4018",
        "type": "github"
      },
      "original": {
        "owner": "NixOS",
        "ref": "nixpkgs-25.05-darwin",
        "repo": "nixpkgs",
        "type": "github"
      }
    },
    "nixpkgs-lib": {
      "locked": {
        "lastModified": 1753579242,
        "narHash": "sha256-zvaMGVn14/Zz8hnp4VWT9xVnhc8vuL3TStRqwk22biA=",
        "owner": "nix-community",
        "repo": "nixpkgs.lib",
        "rev": "0f36c44e01a6129be94e3ade315a5883f0228a6e",
        "type": "github"
      },
      "original": {
        "owner": "nix-community",
        "repo": "nixpkgs.lib",
        "type": "github"
      }
    },
    "nixpkgs_2": {
      "locked": {
        "lastModified": 1754028485,
        "narHash": "sha256-IiiXB3BDTi6UqzAZcf2S797hWEPCRZOwyNThJIYhUfk=",
        "owner": "NixOS",
        "repo": "nixpkgs",
        "rev": "59e69648d345d6e8fef86158c555730fa12af9de",
        "type": "github"
      },
      "original": {
        "owner": "NixOS",
        "ref": "nixos-25.05",
        "repo": "nixpkgs",
        "type": "github"
      }
    },
    "nixpkgs_3": {
      "locked": {
        "lastModified": 1763622513,
        "narHash": "sha256-1jQnuyu82FpiSxowrF/iFK6Toh9BYprfDqfs4BB+19M=",
        "owner": "NixOS",
        "repo": "nixpkgs",
        "rev": "c58bc7f5459328e4afac201c5c4feb7c818d604b",
        "type": "github"
      },
      "original": {
        "owner": "NixOS",
        "ref": "nixos-25.05",
        "repo": "nixpkgs",
        "type": "github"
      }
    },
    "nixpkgs_4": {
      "locked": {
        "lastModified": 1761880412,
        "narHash": "sha256-QoJjGd4NstnyOG4mm4KXF+weBzA2AH/7gn1Pmpfcb0A=",
        "owner": "nixos",
        "repo": "nixpkgs",
        "rev": "a7fc11be66bdfb5cdde611ee5ce381c183da8386",
        "type": "github"
      },
      "original": {
        "owner": "nixos",
        "ref": "nixpkgs-unstable",
        "repo": "nixpkgs",
        "type": "github"
      }
    },
    "nixpkgs_5": {
      "locked": {
        "lastModified": 1763618868,
        "narHash": "sha256-v5afmLjn/uyD9EQuPBn7nZuaZVV9r+JerayK/4wvdWA=",
        "owner": "NixOS",
        "repo": "nixpkgs",
        "rev": "a8d610af3f1a5fb71e23e08434d8d61a466fc942",
        "type": "github"
      },
      "original": {
        "owner": "NixOS",
        "ref": "nixpkgs-unstable",
        "repo": "nixpkgs",
        "type": "github"
      }
    },
    "nvf": {
      "inputs": {
        "flake-compat": "flake-compat_3",
        "flake-parts": "flake-parts_2",
        "mnw": "mnw",
        "nixpkgs": "nixpkgs_4",
        "systems": "systems_2"
      },
      "locked": {
        "lastModified": 1762622004,
        "narHash": "sha256-NpzzgaoMK8aRHnndHWbYNKLcZN0r1y6icCoJvGoBsoE=",
        "owner": "notashelf",
        "repo": "nvf",
        "rev": "09470524a214ed26633ddc2b6ec0c9bf31a8b909",
        "type": "github"
      },
      "original": {
        "owner": "notashelf",
        "repo": "nvf",
        "type": "github"
      }
    },
    "opencode": {
      "inputs": {
        "nixpkgs": "nixpkgs_5"
      },
      "locked": {
        "lastModified": 1763931577,
        "narHash": "sha256-Kvo5+3UR8onK8bOQL/X6MWXSp5+iHQBbTVdFHBHm5Fc=",
        "owner": "sst",
        "repo": "opencode",
        "rev": "eb009d595921e1cdc91f8c2e396e0a86e3b66117",
        "type": "github"
      },
      "original": {
        "owner": "sst",
        "repo": "opencode",
        "type": "github"
      }
    },
    "pre-commit": {
      "inputs": {
        "flake-compat": "flake-compat",
        "gitignore": "gitignore",
        "nixpkgs": [
          "lanzaboote",
          "nixpkgs"
        ]
      },
      "locked": {
        "lastModified": 1763319842,
        "narHash": "sha256-YG19IyrTdnVn0l3DvcUYm85u3PaqBt6tI6VvolcuHnA=",
        "owner": "cachix",
        "repo": "pre-commit-hooks.nix",
        "rev": "7275fa67fbbb75891c16d9dee7d88e58aea2d761",
        "type": "github"
      },
      "original": {
        "owner": "cachix",
        "repo": "pre-commit-hooks.nix",
        "type": "github"
      }
    },
    "root": {
      "inputs": {
        "agenix": "agenix",
        "ags": "ags",
        "catppuccin": "catppuccin",
        "disko": "disko",
        "home-manager": "home-manager_2",
        "homebrew-cask": "homebrew-cask",
        "homebrew-core": "homebrew-core",
        "lanzaboote": "lanzaboote",
        "nix-darwin": "nix-darwin",
        "nix-homebrew": "nix-homebrew",
        "nixcord": "nixcord",
        "nixos-hardware": "nixos-hardware",
        "nixpkgs": "nixpkgs_3",
        "nixpkgs-darwin": "nixpkgs-darwin",
        "nvf": "nvf",
        "opencode": "opencode",
        "unstable": "unstable",
        "zen-browser": "zen-browser"
      }
    },
    "rust-overlay": {
      "inputs": {
        "nixpkgs": [
          "lanzaboote",
          "nixpkgs"
        ]
      },
      "locked": {
        "lastModified": 1763347184,
        "narHash": "sha256-6QH8hpCYJxifvyHEYg+Da0BotUn03BwLIvYo3JAxuqQ=",
        "owner": "oxalica",
        "repo": "rust-overlay",
        "rev": "08895cce80433978d5bfd668efa41c5e24578cbd",
        "type": "github"
      },
      "original": {
        "owner": "oxalica",
        "repo": "rust-overlay",
        "type": "github"
      }
    },
    "systems": {
      "locked": {
        "lastModified": 1681028828,
        "narHash": "sha256-Vy1rq5AaRuLzOxct8nz4T6wlgyUR7zLU309k9mBC768=",
        "owner": "nix-systems",
        "repo": "default",
        "rev": "da67096a3b9bf56a91d16901293e51ba5b49a27e",
        "type": "github"
      },
      "original": {
        "owner": "nix-systems",
        "repo": "default",
        "type": "github"
      }
    },
    "systems_2": {
      "locked": {
        "lastModified": 1681028828,
        "narHash": "sha256-Vy1rq5AaRuLzOxct8nz4T6wlgyUR7zLU309k9mBC768=",
        "owner": "nix-systems",
        "repo": "default",
        "rev": "da67096a3b9bf56a91d16901293e51ba5b49a27e",
        "type": "github"
      },
      "original": {
        "owner": "nix-systems",
        "repo": "default",
        "type": "github"
      }
    },
    "unstable": {
      "locked": {
        "lastModified": 1763678758,
        "narHash": "sha256-+hBiJ+kG5IoffUOdlANKFflTT5nO3FrrR2CA3178Y5s=",
        "owner": "NixOS",
        "repo": "nixpkgs",
        "rev": "117cc7f94e8072499b0a7aa4c52084fa4e11cc9b",
        "type": "github"
      },
      "original": {
        "owner": "NixOS",
        "ref": "nixos-unstable",
        "repo": "nixpkgs",
        "type": "github"
      }
    },
    "zen-browser": {
      "inputs": {
        "home-manager": "home-manager_3",
        "nixpkgs": [
          "unstable"
        ]
      },
      "locked": {
        "lastModified": 1763922466,
        "narHash": "sha256-B/jxhKHXFwYBekp/lJsZC+6RV4qOvPgaUYLmz0mpNl4=",
        "owner": "0xc000022070",
        "repo": "zen-browser-flake",
        "rev": "88d00b7d2fca281d674bb347282784bfe6ff27d6",
        "type": "github"
      },
      "original": {
        "owner": "0xc000022070",
        "repo": "zen-browser-flake",
        "type": "github"
      }
    }
  },
  "root": "root",
  "version": 7
}
